
Microsoft Visual Studio Solution File, Format Version 12.00
# Visual Studio Version 17
VisualStudioVersion = 17.7.34031.279
MinimumVisualStudioVersion = 10.0.40219.1
Project("{FAE04EC0-301F-11D3-BF4B-00C04F79EFBC}") = "TicketOfficeAssignmentSecondVersion", "TicketOfficeAssignmentSecondVersion\TicketOfficeAssignmentSecondVersion.csproj", "{66D535CD-86A4-4168-9E08-D06894D48998}"
EndProject
Project("{FAE04EC0-301F-11D3-BF4B-00C04F79EFBC}") = "TestProject1", "TestProject1\TestProject1.csproj", "{9D23AE47-4720-4C21-B867-3DCF956FE6B8}"
EndProject
Global
	GlobalSection(SolutionConfigurationPlatforms) = preSolution
		Debug|Any CPU = Debug|Any CPU
		Release|Any CPU = Release|Any CPU
	EndGlobalSection
	GlobalSection(ProjectConfigurationPlatforms) = postSolution
		{66D535CD-86A4-4168-9E08-D06894D48998}.Debug|Any CPU.ActiveCfg = Debug|Any CPU
		{66D535CD-86A4-4168-9E08-D06894D48998}.Debug|Any CPU.Build.0 = Debug|Any CPU
		{66D535CD-86A4-4168-9E08-D06894D48998}.Release|Any CPU.ActiveCfg = Release|Any CPU
		{66D535CD-86A4-4168-9E08-D06894D48998}.Release|Any CPU.Build.0 = Release|Any CPU
		{9D23AE47-4720-4C21-B867-3DCF956FE6B8}.Debug|Any CPU.ActiveCfg = Debug|Any CPU
		{9D23AE47-4720-4C21-B867-3DCF956FE6B8}.Debug|Any CPU.Build.0 = Debug|Any CPU
		{9D23AE47-4720-4C21-B867-3DCF956FE6B8}.Release|Any CPU.ActiveCfg = Release|Any CPU
		{9D23AE47-4720-4C21-B867-3DCF956FE6B8}.Release|Any CPU.Build.0 = Release|Any CPU
	EndGlobalSection
	GlobalSection(SolutionProperties) = preSolution
		HideSolutionNode = FALSE
	EndGlobalSection
	GlobalSection(ExtensibilityGlobals) = postSolution
		SolutionGuid = {EC04ECB6-D69F-432A-A765-715C5F53FE65}
	EndGlobalSection
EndGlobal
